
Microsoft Visual Studio Solution File, Format Version 12.00
# Visual Studio Version 17
VisualStudioVersion = 17.8.34330.188
MinimumVisualStudioVersion = 10.0.40219.1
Project("{9A19103F-16F7-4668-BE54-9A1E7A4F7556}") = "Standard", "Standard\Standard.csproj", "{5B840A55-16C2-4342-AC8F-5068B8B916C6}"
EndProject
Project("{FAE04EC0-301F-11D3-BF4B-00C04F79EFBC}") = "SYNC", "SYNC\SYNC.csproj", "{7C03B570-5D70-43F7-9C94-286CABE7CD33}"
EndProject
Global
	GlobalSection(SolutionConfigurationPlatforms) = preSolution
		Debug|Any CPU = Debug|Any CPU
		Release|Any CPU = Release|Any CPU
	EndGlobalSection
	GlobalSection(ProjectConfigurationPlatforms) = postSolution
		{5B840A55-16C2-4342-AC8F-5068B8B916C6}.Debug|Any CPU.ActiveCfg = Debug|Any CPU
		{5B840A55-16C2-4342-AC8F-5068B8B916C6}.Debug|Any CPU.Build.0 = Debug|Any CPU
		{5B840A55-16C2-4342-AC8F-5068B8B916C6}.Release|Any CPU.ActiveCfg = Release|Any CPU
		{5B840A55-16C2-4342-AC8F-5068B8B916C6}.Release|Any CPU.Build.0 = Release|Any CPU
		{7C03B570-5D70-43F7-9C94-286CABE7CD33}.Debug|Any CPU.ActiveCfg = Debug|Any CPU
		{7C03B570-5D70-43F7-9C94-286CABE7CD33}.Debug|Any CPU.Build.0 = Debug|Any CPU
		{7C03B570-5D70-43F7-9C94-286CABE7CD33}.Release|Any CPU.ActiveCfg = Release|Any CPU
		{7C03B570-5D70-43F7-9C94-286CABE7CD33}.Release|Any CPU.Build.0 = Release|Any CPU
	EndGlobalSection
	GlobalSection(SolutionProperties) = preSolution
		HideSolutionNode = FALSE
	EndGlobalSection
	GlobalSection(ExtensibilityGlobals) = postSolution
		SolutionGuid = {D4E6AF43-1B45-4AF4-B5F4-CD9EEB48A183}
	EndGlobalSection
EndGlobal
