
Microsoft Visual Studio Solution File, Format Version 12.00
# Visual Studio Version 17
VisualStudioVersion = 17.8.34330.188
MinimumVisualStudioVersion = 10.0.40219.1
Project("{9A19103F-16F7-4668-BE54-9A1E7A4F7556}") = "SYNC", "SYNC\SYNC.csproj", "{7C03B570-5D70-43F7-9C94-286CABE7CD33}"
EndProject
Project("{FAE04EC0-301F-11D3-BF4B-00C04F79EFBC}") = "DEBUG", "DEBUG\DEBUG.csproj", "{68ECAF46-30EC-4187-BE00-EA91E18638D0}"
EndProject
Project("{FAE04EC0-301F-11D3-BF4B-00C04F79EFBC}") = "File", "File\File.csproj", "{F7884E70-95B0-4CA3-8D5E-135E87766558}"
EndProject
Project("{FAE04EC0-301F-11D3-BF4B-00C04F79EFBC}") = "Cryptology", "Cryptology\Cryptology.csproj", "{B629C792-0BA0-4BFD-A86A-61AB1615D797}"
EndProject
Project("{FAE04EC0-301F-11D3-BF4B-00C04F79EFBC}") = "FileAudit", "FileAudit\FileAudit.csproj", "{17DFF825-D17A-42D7-BAE1-A1BFC804EB8E}"
EndProject
Global
	GlobalSection(SolutionConfigurationPlatforms) = preSolution
		Debug|Any CPU = Debug|Any CPU
		Release|Any CPU = Release|Any CPU
	EndGlobalSection
	GlobalSection(ProjectConfigurationPlatforms) = postSolution
		{7C03B570-5D70-43F7-9C94-286CABE7CD33}.Debug|Any CPU.ActiveCfg = Debug|Any CPU
		{7C03B570-5D70-43F7-9C94-286CABE7CD33}.Debug|Any CPU.Build.0 = Debug|Any CPU
		{7C03B570-5D70-43F7-9C94-286CABE7CD33}.Release|Any CPU.ActiveCfg = Release|Any CPU
		{7C03B570-5D70-43F7-9C94-286CABE7CD33}.Release|Any CPU.Build.0 = Release|Any CPU
		{68ECAF46-30EC-4187-BE00-EA91E18638D0}.Debug|Any CPU.ActiveCfg = Debug|Any CPU
		{68ECAF46-30EC-4187-BE00-EA91E18638D0}.Debug|Any CPU.Build.0 = Debug|Any CPU
		{68ECAF46-30EC-4187-BE00-EA91E18638D0}.Release|Any CPU.ActiveCfg = Release|Any CPU
		{68ECAF46-30EC-4187-BE00-EA91E18638D0}.Release|Any CPU.Build.0 = Release|Any CPU
		{F7884E70-95B0-4CA3-8D5E-135E87766558}.Debug|Any CPU.ActiveCfg = Debug|Any CPU
		{F7884E70-95B0-4CA3-8D5E-135E87766558}.Debug|Any CPU.Build.0 = Debug|Any CPU
		{F7884E70-95B0-4CA3-8D5E-135E87766558}.Release|Any CPU.ActiveCfg = Release|Any CPU
		{F7884E70-95B0-4CA3-8D5E-135E87766558}.Release|Any CPU.Build.0 = Release|Any CPU
		{B629C792-0BA0-4BFD-A86A-61AB1615D797}.Debug|Any CPU.ActiveCfg = Debug|Any CPU
		{B629C792-0BA0-4BFD-A86A-61AB1615D797}.Debug|Any CPU.Build.0 = Debug|Any CPU
		{B629C792-0BA0-4BFD-A86A-61AB1615D797}.Release|Any CPU.ActiveCfg = Release|Any CPU
		{B629C792-0BA0-4BFD-A86A-61AB1615D797}.Release|Any CPU.Build.0 = Release|Any CPU
		{17DFF825-D17A-42D7-BAE1-A1BFC804EB8E}.Debug|Any CPU.ActiveCfg = Debug|Any CPU
		{17DFF825-D17A-42D7-BAE1-A1BFC804EB8E}.Debug|Any CPU.Build.0 = Debug|Any CPU
		{17DFF825-D17A-42D7-BAE1-A1BFC804EB8E}.Release|Any CPU.ActiveCfg = Release|Any CPU
		{17DFF825-D17A-42D7-BAE1-A1BFC804EB8E}.Release|Any CPU.Build.0 = Release|Any CPU
	EndGlobalSection
	GlobalSection(SolutionProperties) = preSolution
		HideSolutionNode = FALSE
	EndGlobalSection
	GlobalSection(ExtensibilityGlobals) = postSolution
		SolutionGuid = {D4E6AF43-1B45-4AF4-B5F4-CD9EEB48A183}
	EndGlobalSection
EndGlobal
